
Microsoft Visual Studio Solution File, Format Version 12.00
# Visual Studio Version 17
VisualStudioVersion = 17.0.31903.59
MinimumVisualStudioVersion = 10.0.40219.1
Project("{2150E333-8FDC-42A3-9474-1A3956D46DE8}") = "backend", "backend", "{1AE8ACA6-933B-BF2A-3671-3E2EAC007D16}"
EndProject
Project("{FAE04EC0-301F-11D3-BF4B-00C04F79EFBC}") = "ChemicalDispersionWater.Api", "backend\ChemicalDispersionWater.Api\ChemicalDispersionWater.Api.csproj", "{EC7AEEE1-EA93-4433-B73F-6D363356C657}"
EndProject
Project("{FAE04EC0-301F-11D3-BF4B-00C04F79EFBC}") = "ChemicalDispersionWater.Domain", "backend\ChemicalDispersionWater.Domain\ChemicalDispersionWater.Domain.csproj", "{CDBBBC16-08C0-4CB6-90EF-C2508BC6C321}"
EndProject
Project("{FAE04EC0-301F-11D3-BF4B-00C04F79EFBC}") = "ChemicalDispersionWater.FluidDynamics", "backend\ChemicalDispersionWater.FluidDynamics\ChemicalDispersionWater.FluidDynamics.csproj", "{5829539A-EF31-44EC-8D01-622E94F733CA}"
EndProject
Project("{FAE04EC0-301F-11D3-BF4B-00C04F79EFBC}") = "ChemicalDispersionWater.WeatherTidal", "backend\ChemicalDispersionWater.WeatherTidal\ChemicalDispersionWater.WeatherTidal.csproj", "{73112304-2395-4BC3-B75B-F84DCF45D92A}"
EndProject
Project("{2150E333-8FDC-42A3-9474-1A3956D46DE8}") = "frontend", "frontend", "{CE609670-85B9-0D16-FB54-ED063D5D8A6D}"
EndProject
Project("{FAE04EC0-301F-11D3-BF4B-00C04F79EFBC}") = "ChemicalDispersionWater.Blazor", "frontend\ChemicalDispersionWater.Blazor\ChemicalDispersionWater.Blazor.csproj", "{343B2BF6-B0B2-4DAA-90FA-925CAA20581A}"
EndProject
Project("{2150E333-8FDC-42A3-9474-1A3956D46DE8}") = "shared", "shared", "{4F52FD11-658E-A102-6CD3-7D7C16FFA15B}"
EndProject
Project("{FAE04EC0-301F-11D3-BF4B-00C04F79EFBC}") = "ChemicalDispersionWater.SharedModels", "shared\ChemicalDispersionWater.SharedModels.csproj", "{2B283DDB-C3F8-47AB-A8EE-C2125FB0EC84}"
EndProject
Global
	GlobalSection(SolutionConfigurationPlatforms) = preSolution
		Debug|Any CPU = Debug|Any CPU
		Debug|x64 = Debug|x64
		Debug|x86 = Debug|x86
		Release|Any CPU = Release|Any CPU
		Release|x64 = Release|x64
		Release|x86 = Release|x86
	EndGlobalSection
	GlobalSection(ProjectConfigurationPlatforms) = postSolution
		{EC7AEEE1-EA93-4433-B73F-6D363356C657}.Debug|Any CPU.ActiveCfg = Debug|Any CPU
		{EC7AEEE1-EA93-4433-B73F-6D363356C657}.Debug|Any CPU.Build.0 = Debug|Any CPU
		{EC7AEEE1-EA93-4433-B73F-6D363356C657}.Debug|x64.ActiveCfg = Debug|Any CPU
		{EC7AEEE1-EA93-4433-B73F-6D363356C657}.Debug|x64.Build.0 = Debug|Any CPU
		{EC7AEEE1-EA93-4433-B73F-6D363356C657}.Debug|x86.ActiveCfg = Debug|Any CPU
		{EC7AEEE1-EA93-4433-B73F-6D363356C657}.Debug|x86.Build.0 = Debug|Any CPU
		{EC7AEEE1-EA93-4433-B73F-6D363356C657}.Release|Any CPU.ActiveCfg = Release|Any CPU
		{EC7AEEE1-EA93-4433-B73F-6D363356C657}.Release|Any CPU.Build.0 = Release|Any CPU
		{EC7AEEE1-EA93-4433-B73F-6D363356C657}.Release|x64.ActiveCfg = Release|Any CPU
		{EC7AEEE1-EA93-4433-B73F-6D363356C657}.Release|x64.Build.0 = Release|Any CPU
		{EC7AEEE1-EA93-4433-B73F-6D363356C657}.Release|x86.ActiveCfg = Release|Any CPU
		{EC7AEEE1-EA93-4433-B73F-6D363356C657}.Release|x86.Build.0 = Release|Any CPU
		{CDBBBC16-08C0-4CB6-90EF-C2508BC6C321}.Debug|Any CPU.ActiveCfg = Debug|Any CPU
		{CDBBBC16-08C0-4CB6-90EF-C2508BC6C321}.Debug|Any CPU.Build.0 = Debug|Any CPU
		{CDBBBC16-08C0-4CB6-90EF-C2508BC6C321}.Debug|x64.ActiveCfg = Debug|Any CPU
		{CDBBBC16-08C0-4CB6-90EF-C2508BC6C321}.Debug|x64.Build.0 = Debug|Any CPU
		{CDBBBC16-08C0-4CB6-90EF-C2508BC6C321}.Debug|x86.ActiveCfg = Debug|Any CPU
		{CDBBBC16-08C0-4CB6-90EF-C2508BC6C321}.Debug|x86.Build.0 = Debug|Any CPU
		{CDBBBC16-08C0-4CB6-90EF-C2508BC6C321}.Release|Any CPU.ActiveCfg = Release|Any CPU
		{CDBBBC16-08C0-4CB6-90EF-C2508BC6C321}.Release|Any CPU.Build.0 = Release|Any CPU
		{CDBBBC16-08C0-4CB6-90EF-C2508BC6C321}.Release|x64.ActiveCfg = Release|Any CPU
		{CDBBBC16-08C0-4CB6-90EF-C2508BC6C321}.Release|x64.Build.0 = Release|Any CPU
		{CDBBBC16-08C0-4CB6-90EF-C2508BC6C321}.Release|x86.ActiveCfg = Release|Any CPU
		{CDBBBC16-08C0-4CB6-90EF-C2508BC6C321}.Release|x86.Build.0 = Release|Any CPU
		{5829539A-EF31-44EC-8D01-622E94F733CA}.Debug|Any CPU.ActiveCfg = Debug|Any CPU
		{5829539A-EF31-44EC-8D01-622E94F733CA}.Debug|Any CPU.Build.0 = Debug|Any CPU
		{5829539A-EF31-44EC-8D01-622E94F733CA}.Debug|x64.ActiveCfg = Debug|Any CPU
		{5829539A-EF31-44EC-8D01-622E94F733CA}.Debug|x64.Build.0 = Debug|Any CPU
		{5829539A-EF31-44EC-8D01-622E94F733CA}.Debug|x86.ActiveCfg = Debug|Any CPU
		{5829539A-EF31-44EC-8D01-622E94F733CA}.Debug|x86.Build.0 = Debug|Any CPU
		{5829539A-EF31-44EC-8D01-622E94F733CA}.Release|Any CPU.ActiveCfg = Release|Any CPU
		{5829539A-EF31-44EC-8D01-622E94F733CA}.Release|Any CPU.Build.0 = Release|Any CPU
		{5829539A-EF31-44EC-8D01-622E94F733CA}.Release|x64.ActiveCfg = Release|Any CPU
		{5829539A-EF31-44EC-8D01-622E94F733CA}.Release|x64.Build.0 = Release|Any CPU
		{5829539A-EF31-44EC-8D01-622E94F733CA}.Release|x86.ActiveCfg = Release|Any CPU
		{5829539A-EF31-44EC-8D01-622E94F733CA}.Release|x86.Build.0 = Release|Any CPU
		{73112304-2395-4BC3-B75B-F84DCF45D92A}.Debug|Any CPU.ActiveCfg = Debug|Any CPU
		{73112304-2395-4BC3-B75B-F84DCF45D92A}.Debug|Any CPU.Build.0 = Debug|Any CPU
		{73112304-2395-4BC3-B75B-F84DCF45D92A}.Debug|x64.ActiveCfg = Debug|Any CPU
		{73112304-2395-4BC3-B75B-F84DCF45D92A}.Debug|x64.Build.0 = Debug|Any CPU
		{73112304-2395-4BC3-B75B-F84DCF45D92A}.Debug|x86.ActiveCfg = Debug|Any CPU
		{73112304-2395-4BC3-B75B-F84DCF45D92A}.Debug|x86.Build.0 = Debug|Any CPU
		{73112304-2395-4BC3-B75B-F84DCF45D92A}.Release|Any CPU.ActiveCfg = Release|Any CPU
		{73112304-2395-4BC3-B75B-F84DCF45D92A}.Release|Any CPU.Build.0 = Release|Any CPU
		{73112304-2395-4BC3-B75B-F84DCF45D92A}.Release|x64.ActiveCfg = Release|Any CPU
		{73112304-2395-4BC3-B75B-F84DCF45D92A}.Release|x64.Build.0 = Release|Any CPU
		{73112304-2395-4BC3-B75B-F84DCF45D92A}.Release|x86.ActiveCfg = Release|Any CPU
		{73112304-2395-4BC3-B75B-F84DCF45D92A}.Release|x86.Build.0 = Release|Any CPU
		{343B2BF6-B0B2-4DAA-90FA-925CAA20581A}.Debug|Any CPU.ActiveCfg = Debug|Any CPU
		{343B2BF6-B0B2-4DAA-90FA-925CAA20581A}.Debug|Any CPU.Build.0 = Debug|Any CPU
		{343B2BF6-B0B2-4DAA-90FA-925CAA20581A}.Debug|x64.ActiveCfg = Debug|Any CPU
		{343B2BF6-B0B2-4DAA-90FA-925CAA20581A}.Debug|x64.Build.0 = Debug|Any CPU
		{343B2BF6-B0B2-4DAA-90FA-925CAA20581A}.Debug|x86.ActiveCfg = Debug|Any CPU
		{343B2BF6-B0B2-4DAA-90FA-925CAA20581A}.Debug|x86.Build.0 = Debug|Any CPU
		{343B2BF6-B0B2-4DAA-90FA-925CAA20581A}.Release|Any CPU.ActiveCfg = Release|Any CPU
		{343B2BF6-B0B2-4DAA-90FA-925CAA20581A}.Release|Any CPU.Build.0 = Release|Any CPU
		{343B2BF6-B0B2-4DAA-90FA-925CAA20581A}.Release|x64.ActiveCfg = Release|Any CPU
		{343B2BF6-B0B2-4DAA-90FA-925CAA20581A}.Release|x64.Build.0 = Release|Any CPU
		{343B2BF6-B0B2-4DAA-90FA-925CAA20581A}.Release|x86.ActiveCfg = Release|Any CPU
		{343B2BF6-B0B2-4DAA-90FA-925CAA20581A}.Release|x86.Build.0 = Release|Any CPU
		{2B283DDB-C3F8-47AB-A8EE-C2125FB0EC84}.Debug|Any CPU.ActiveCfg = Debug|Any CPU
		{2B283DDB-C3F8-47AB-A8EE-C2125FB0EC84}.Debug|Any CPU.Build.0 = Debug|Any CPU
		{2B283DDB-C3F8-47AB-A8EE-C2125FB0EC84}.Debug|x64.ActiveCfg = Debug|Any CPU
		{2B283DDB-C3F8-47AB-A8EE-C2125FB0EC84}.Debug|x64.Build.0 = Debug|Any CPU
		{2B283DDB-C3F8-47AB-A8EE-C2125FB0EC84}.Debug|x86.ActiveCfg = Debug|Any CPU
		{2B283DDB-C3F8-47AB-A8EE-C2125FB0EC84}.Debug|x86.Build.0 = Debug|Any CPU
		{2B283DDB-C3F8-47AB-A8EE-C2125FB0EC84}.Release|Any CPU.ActiveCfg = Release|Any CPU
		{2B283DDB-C3F8-47AB-A8EE-C2125FB0EC84}.Release|Any CPU.Build.0 = Release|Any CPU
		{2B283DDB-C3F8-47AB-A8EE-C2125FB0EC84}.Release|x64.ActiveCfg = Release|Any CPU
		{2B283DDB-C3F8-47AB-A8EE-C2125FB0EC84}.Release|x64.Build.0 = Release|Any CPU
		{2B283DDB-C3F8-47AB-A8EE-C2125FB0EC84}.Release|x86.ActiveCfg = Release|Any CPU
		{2B283DDB-C3F8-47AB-A8EE-C2125FB0EC84}.Release|x86.Build.0 = Release|Any CPU
	EndGlobalSection
	GlobalSection(SolutionProperties) = preSolution
		HideSolutionNode = FALSE
	EndGlobalSection
	GlobalSection(NestedProjects) = preSolution
		{EC7AEEE1-EA93-4433-B73F-6D363356C657} = {1AE8ACA6-933B-BF2A-3671-3E2EAC007D16}
		{CDBBBC16-08C0-4CB6-90EF-C2508BC6C321} = {1AE8ACA6-933B-BF2A-3671-3E2EAC007D16}
		{5829539A-EF31-44EC-8D01-622E94F733CA} = {1AE8ACA6-933B-BF2A-3671-3E2EAC007D16}
		{73112304-2395-4BC3-B75B-F84DCF45D92A} = {1AE8ACA6-933B-BF2A-3671-3E2EAC007D16}
		{343B2BF6-B0B2-4DAA-90FA-925CAA20581A} = {CE609670-85B9-0D16-FB54-ED063D5D8A6D}
		{2B283DDB-C3F8-47AB-A8EE-C2125FB0EC84} = {4F52FD11-658E-A102-6CD3-7D7C16FFA15B}
	EndGlobalSection
EndGlobal
